{
  "name": "Ridemate",
  "lockfileVersion": 3,
  "requires": true,
  "packages": {
    "": {
      "dependencies": {
        "talkjs": "^0.45.1"
      }
    },
    "node_modules/talkjs": {
      "version": "0.45.1",
      "resolved": "https://registry.npmjs.org/talkjs/-/talkjs-0.45.1.tgz",
      "integrity": "sha512-0UFanTPgmwUBE9kPLPloZbF+3rD/kxoABFovs5oObZ68Jn+QycsTR6btWBp+yPa3TWA+d/p+l3qktkl/uZobrg==",
      "license": "SEE LICENSE IN LICENSE.md"
    }
  }
}
